
Microsoft Visual Studio Solution File, Format Version 12.00
# Visual Studio Version 16
VisualStudioVersion = 25.0.1700.0
MinimumVisualStudioVersion = 10.0.40219.1
Project("{FAE04EC0-301F-11D3-BF4B-00C04F79EFBC}") = "fileUploadApi", "fileUploadApi\fileUploadApi.csproj", "{F33FB38F-181A-477A-8A94-65972CC5D95D}"
EndProject
Global
	GlobalSection(SolutionConfigurationPlatforms) = preSolution
		Debug|Any CPU = Debug|Any CPU
		Release|Any CPU = Release|Any CPU
	EndGlobalSection
	GlobalSection(ProjectConfigurationPlatforms) = postSolution
		{F33FB38F-181A-477A-8A94-65972CC5D95D}.Debug|Any CPU.ActiveCfg = Debug|Any CPU
		{F33FB38F-181A-477A-8A94-65972CC5D95D}.Debug|Any CPU.Build.0 = Debug|Any CPU
		{F33FB38F-181A-477A-8A94-65972CC5D95D}.Release|Any CPU.ActiveCfg = Release|Any CPU
		{F33FB38F-181A-477A-8A94-65972CC5D95D}.Release|Any CPU.Build.0 = Release|Any CPU
	EndGlobalSection
	GlobalSection(SolutionProperties) = preSolution
		HideSolutionNode = FALSE
	EndGlobalSection
	GlobalSection(ExtensibilityGlobals) = postSolution
		SolutionGuid = {0AC1F643-E838-48E1-97D5-74D3C6DD91EA}
	EndGlobalSection
EndGlobal
